// !$*UTF8*$!
{
	archiveVersion = 1;
	classes = {
	};
	objectVersion = 46;
	objects = {

/* Begin PBXBuildFile section */
		5A52C62A1DADAED700B3B434 /* main.swift in Sources */ = {isa = PBXBuildFile; fileRef = 5A52C6291DADAED700B3B434 /* main.swift */; };
		5A52C6311DADAEE600B3B434 /* Interactive.swift in Sources */ = {isa = PBXBuildFile; fileRef = 5A52C6301DADAEE600B3B434 /* Interactive.swift */; };
		5A52C6331DADAEF300B3B434 /* io.swift in Sources */ = {isa = PBXBuildFile; fileRef = 5A52C6321DADAEF300B3B434 /* io.swift */; };
		5A8E2DD61DAED294007EABD8 /* Animal.swift in Sources */ = {isa = PBXBuildFile; fileRef = 5A8E2DD51DAED294007EABD8 /* Animal.swift */; };
		5A8E2DDA1DAF05AB007EABD8 /* LaneLandZoo.swift in Sources */ = {isa = PBXBuildFile; fileRef = 5A8E2DD91DAF05AB007EABD8 /* LaneLandZoo.swift */; };
		5A8E2E0A1DB121DF007EABD8 /* person.swift in Sources */ = {isa = PBXBuildFile; fileRef = 5A8E2E091DB121DF007EABD8 /* person.swift */; };
/* End PBXBuildFile section */

/* Begin PBXCopyFilesBuildPhase section */
		5A52C6241DADAED700B3B434 /* CopyFiles */ = {
			isa = PBXCopyFilesBuildPhase;
			buildActionMask = 2147483647;
			dstPath = /usr/share/man/man1/;
			dstSubfolderSpec = 0;
			files = (
			);
			runOnlyForDeploymentPostprocessing = 1;
		};
/* End PBXCopyFilesBuildPhase section */

/* Begin PBXFileReference section */
		5A52C6261DADAED700B3B434 /* The Incredible Lane Land Zoo */ = {isa = PBXFileReference; explicitFileType = "compiled.mach-o.executable"; includeInIndex = 0; path = "The Incredible Lane Land Zoo"; sourceTree = BUILT_PRODUCTS_DIR; };
		5A52C6291DADAED700B3B434 /* main.swift */ = {isa = PBXFileReference; lastKnownFileType = sourcecode.swift; path = main.swift; sourceTree = "<group>"; };
		5A52C6301DADAEE600B3B434 /* Interactive.swift */ = {isa = PBXFileReference; fileEncoding = 4; lastKnownFileType = sourcecode.swift; path = Interactive.swift; sourceTree = "<group>"; };
		5A52C6321DADAEF300B3B434 /* io.swift */ = {isa = PBXFileReference; fileEncoding = 4; lastKnownFileType = sourcecode.swift; path = io.swift; sourceTree = "<group>"; };
		5A8E2DD21DAEA5E4007EABD8 /* projectRequirments.rtf */ = {isa = PBXFileReference; fileEncoding = 4; lastKnownFileType = text.rtf; path = projectRequirments.rtf; sourceTree = "<group>"; };
		5A8E2DD51DAED294007EABD8 /* Animal.swift */ = {isa = PBXFileReference; fileEncoding = 4; lastKnownFileType = sourcecode.swift; path = Animal.swift; sourceTree = "<group>"; };
		5A8E2DD91DAF05AB007EABD8 /* LaneLandZoo.swift */ = {isa = PBXFileReference; fileEncoding = 4; lastKnownFileType = sourcecode.swift; path = LaneLandZoo.swift; sourceTree = "<group>"; };
		5A8E2E091DB121DF007EABD8 /* person.swift */ = {isa = PBXFileReference; fileEncoding = 4; lastKnownFileType = sourcecode.swift; path = person.swift; sourceTree = "<group>"; };
/* End PBXFileReference section */

/* Begin PBXFrameworksBuildPhase section */
		5A52C6231DADAED700B3B434 /* Frameworks */ = {
			isa = PBXFrameworksBuildPhase;
			buildActionMask = 2147483647;
			files = (
			);
			runOnlyForDeploymentPostprocessing = 0;
		};
/* End PBXFrameworksBuildPhase section */

/* Begin PBXGroup section */
		5A52C61D1DADAED700B3B434 = {
			isa = PBXGroup;
			children = (
				5A52C6281DADAED700B3B434 /* The Incredible Lane Land Zoo */,
				5A52C6271DADAED700B3B434 /* Products */,
			);
			sourceTree = "<group>";
		};
		5A52C6271DADAED700B3B434 /* Products */ = {
			isa = PBXGroup;
			children = (
				5A52C6261DADAED700B3B434 /* The Incredible Lane Land Zoo */,
			);
			name = Products;
			sourceTree = "<group>";
		};
		5A52C6281DADAED700B3B434 /* The Incredible Lane Land Zoo */ = {
			isa = PBXGroup;
			children = (
				5A52C6291DADAED700B3B434 /* main.swift */,
				5A52C6301DADAEE600B3B434 /* Interactive.swift */,
				5A52C6321DADAEF300B3B434 /* io.swift */,
				5A8E2DD21DAEA5E4007EABD8 /* projectRequirments.rtf */,
				5A8E2DD51DAED294007EABD8 /* Animal.swift */,
				5A8E2DD91DAF05AB007EABD8 /* LaneLandZoo.swift */,
				5A8E2E091DB121DF007EABD8 /* person.swift */,
			);
			path = "The Incredible Lane Land Zoo";
			sourceTree = "<group>";
		};
/* End PBXGroup section */

/* Begin PBXNativeTarget section */
		5A52C6251DADAED700B3B434 /* The Incredible Lane Land Zoo */ = {
			isa = PBXNativeTarget;
			buildConfigurationList = 5A52C62D1DADAED700B3B434 /* Build configuration list for PBXNativeTarget "The Incredible Lane Land Zoo" */;
			buildPhases = (
				5A52C6221DADAED700B3B434 /* Sources */,
				5A52C6231DADAED700B3B434 /* Frameworks */,
				5A52C6241DADAED700B3B434 /* CopyFiles */,
			);
			buildRules = (
			);
			dependencies = (
			);
			name = "The Incredible Lane Land Zoo";
			productName = "The Incredible Lane Land Zoo";
			productReference = 5A52C6261DADAED700B3B434 /* The Incredible Lane Land Zoo */;
			productType = "com.apple.product-type.tool";
		};
/* End PBXNativeTarget section */

/* Begin PBXProject section */
		5A52C61E1DADAED700B3B434 /* Project object */ = {
			isa = PBXProject;
			attributes = {
				LastSwiftUpdateCheck = 0800;
				LastUpgradeCheck = 0800;
				ORGANIZATIONNAME = "Will Carty";
				TargetAttributes = {
					5A52C6251DADAED700B3B434 = {
						CreatedOnToolsVersion = 8.0;
						ProvisioningStyle = Automatic;
					};
				};
			};
			buildConfigurationList = 5A52C6211DADAED700B3B434 /* Build configuration list for PBXProject "The Incredible Lane Land Zoo" */;
			compatibilityVersion = "Xcode 3.2";
			developmentRegion = English;
			hasScannedForEncodings = 0;
			knownRegions = (
				en,
			);
			mainGroup = 5A52C61D1DADAED700B3B434;
			productRefGroup = 5A52C6271DADAED700B3B434 /* Products */;
			projectDirPath = "";
			projectRoot = "";
			targets = (
				5A52C6251DADAED700B3B434 /* The Incredible Lane Land Zoo */,
			);
		};
/* End PBXProject section */

/* Begin PBXSourcesBuildPhase section */
		5A52C6221DADAED700B3B434 /* Sources */ = {
			isa = PBXSourcesBuildPhase;
			buildActionMask = 2147483647;
			files = (
				5A52C6311DADAEE600B3B434 /* Interactive.swift in Sources */,
				5A8E2DD61DAED294007EABD8 /* Animal.swift in Sources */,
				5A52C6331DADAEF300B3B434 /* io.swift in Sources */,
				5A52C62A1DADAED700B3B434 /* main.swift in Sources */,
				5A8E2E0A1DB121DF007EABD8 /* person.swift in Sources */,
				5A8E2DDA1DAF05AB007EABD8 /* LaneLandZoo.swift in Sources */,
			);
			runOnlyForDeploymentPostprocessing = 0;
		};
/* End PBXSourcesBuildPhase section */

/* Begin XCBuildConfiguration section */
		5A52C62B1DADAED700B3B434 /* Debug */ = {
			isa = XCBuildConfiguration;
			buildSettings = {
				ALWAYS_SEARCH_USER_PATHS = NO;
				CLANG_ANALYZER_NONNULL = YES;
				CLANG_CXX_LANGUAGE_STANDARD = "gnu++0x";
				CLANG_CXX_LIBRARY = "libc++";
				CLANG_ENABLE_MODULES = YES;
				CLANG_ENABLE_OBJC_ARC = YES;
				CLANG_WARN_BOOL_CONVERSION = YES;
				CLANG_WARN_CONSTANT_CONVERSION = YES;
				CLANG_WARN_DIRECT_OBJC_ISA_USAGE = YES_ERROR;
				CLANG_WARN_DOCUMENTATION_COMMENTS = YES;
				CLANG_WARN_EMPTY_BODY = YES;
				CLANG_WARN_ENUM_CONVERSION = YES;
				CLANG_WARN_INFINITE_RECURSION = YES;
				CLANG_WARN_INT_CONVERSION = YES;
				CLANG_WARN_OBJC_ROOT_CLASS = YES_ERROR;
				CLANG_WARN_SUSPICIOUS_MOVES = YES;
				CLANG_WARN_UNREACHABLE_CODE = YES;
				CLANG_WARN__DUPLICATE_METHOD_MATCH = YES;
				CODE_SIGN_IDENTITY = "-";
				COPY_PHASE_STRIP = NO;
				DEBUG_INFORMATION_FORMAT = dwarf;
				ENABLE_STRICT_OBJC_MSGSEND = YES;
				ENABLE_TESTABILITY = YES;
				GCC_C_LANGUAGE_STANDARD = gnu99;
				GCC_DYNAMIC_NO_PIC = NO;
				GCC_NO_COMMON_BLOCKS = YES;
				GCC_OPTIMIZATION_LEVEL = 0;
				GCC_PREPROCESSOR_DEFINITIONS = (
					"DEBUG=1",
					"$(inherited)",
				);
				GCC_WARN_64_TO_32_BIT_CONVERSION = YES;
				GCC_WARN_ABOUT_RETURN_TYPE = YES_ERROR;
				GCC_WARN_UNDECLARED_SELECTOR = YES;
				GCC_WARN_UNINITIALIZED_AUTOS = YES_AGGRESSIVE;
				GCC_WARN_UNUSED_FUNCTION = YES;
				GCC_WARN_UNUSED_VARIABLE = YES;
				MACOSX_DEPLOYMENT_TARGET = 10.11;
				MTL_ENABLE_DEBUG_INFO = YES;
				ONLY_ACTIVE_ARCH = YES;
				SDKROOT = macosx;
				SWIFT_OPTIMIZATION_LEVEL = "-Onone";
			};
			name = Debug;
		};
		5A52C62C1DADAED700B3B434 /* Release */ = {
			isa = XCBuildConfiguration;
			buildSettings = {
				ALWAYS_SEARCH_USER_PATHS = NO;
				CLANG_ANALYZER_NONNULL = YES;
				CLANG_CXX_LANGUAGE_STANDARD = "gnu++0x";
				CLANG_CXX_LIBRARY = "libc++";
				CLANG_ENABLE_MODULES = YES;
				CLANG_ENABLE_OBJC_ARC = YES;
				CLANG_WARN_BOOL_CONVERSION = YES;
				CLANG_WARN_CONSTANT_CONVERSION = YES;
				CLANG_WARN_DIRECT_OBJC_ISA_USAGE = YES_ERROR;
				CLANG_WARN_DOCUMENTATION_COMMENTS = YES;
				CLANG_WARN_EMPTY_BODY = YES;
				CLANG_WARN_ENUM_CONVERSION = YES;
				CLANG_WARN_INFINITE_RECURSION = YES;
				CLANG_WARN_INT_CONVERSION = YES;
				CLANG_WARN_OBJC_ROOT_CLASS = YES_ERROR;
				CLANG_WARN_SUSPICIOUS_MOVES = YES;
				CLANG_WARN_UNREACHABLE_CODE = YES;
				CLANG_WARN__DUPLICATE_METHOD_MATCH = YES;
				CODE_SIGN_IDENTITY = "-";
				COPY_PHASE_STRIP = NO;
				DEBUG_INFORMATION_FORMAT = "dwarf-with-dsym";
				ENABLE_NS_ASSERTIONS = NO;
				ENABLE_STRICT_OBJC_MSGSEND = YES;
				GCC_C_LANGUAGE_STANDARD = gnu99;
				GCC_NO_COMMON_BLOCKS = YES;
				GCC_WARN_64_TO_32_BIT_CONVERSION = YES;
				GCC_WARN_ABOUT_RETURN_TYPE = YES_ERROR;
				GCC_WARN_UNDECLARED_SELECTOR = YES;
				GCC_WARN_UNINITIALIZED_AUTOS = YES_AGGRESSIVE;
				GCC_WARN_UNUSED_FUNCTION = YES;
				GCC_WARN_UNUSED_VARIABLE = YES;
				MACOSX_DEPLOYMENT_TARGET = 10.11;
				MTL_ENABLE_DEBUG_INFO = NO;
				SDKROOT = macosx;
			};
			name = Release;
		};
		5A52C62E1DADAED700B3B434 /* Debug */ = {
			isa = XCBuildConfiguration;
			buildSettings = {
				PRODUCT_NAME = "$(TARGET_NAME)";
				SWIFT_VERSION = 3.0;
			};
			name = Debug;
		};
		5A52C62F1DADAED700B3B434 /* Release */ = {
			isa = XCBuildConfiguration;
			buildSettings = {
				PRODUCT_NAME = "$(TARGET_NAME)";
				SWIFT_VERSION = 3.0;
			};
			name = Release;
		};
/* End XCBuildConfiguration section */

/* Begin XCConfigurationList section */
		5A52C6211DADAED700B3B434 /* Build configuration list for PBXProject "The Incredible Lane Land Zoo" */ = {
			isa = XCConfigurationList;
			buildConfigurations = (
				5A52C62B1DADAED700B3B434 /* Debug */,
				5A52C62C1DADAED700B3B434 /* Release */,
			);
			defaultConfigurationIsVisible = 0;
			defaultConfigurationName = Release;
		};
		5A52C62D1DADAED700B3B434 /* Build configuration list for PBXNativeTarget "The Incredible Lane Land Zoo" */ = {
			isa = XCConfigurationList;
			buildConfigurations = (
				5A52C62E1DADAED700B3B434 /* Debug */,
				5A52C62F1DADAED700B3B434 /* Release */,
			);
			defaultConfigurationIsVisible = 0;
			defaultConfigurationName = Release;
		};
/* End XCConfigurationList section */
	};
	rootObject = 5A52C61E1DADAED700B3B434 /* Project object */;
}
